// !$*UTF8*$!
{
	archiveVersion = 1;
	classes = {
	};
	objectVersion = 46;
	objects = {

/* Begin PBXBuildFile section */
		F5A2DA6E18093729004443AB /* UIKit.framework in Frameworks */ = {isa = PBXBuildFile; fileRef = F5A2DA6D18093729004443AB /* UIKit.framework */; };
		F5A2DA7018093729004443AB /* Foundation.framework in Frameworks */ = {isa = PBXBuildFile; fileRef = F5A2DA6F18093729004443AB /* Foundation.framework */; };
		F5A2DA7218093729004443AB /* CoreGraphics.framework in Frameworks */ = {isa = PBXBuildFile; fileRef = F5A2DA7118093729004443AB /* CoreGraphics.framework */; };
		F5A2DA7818093729004443AB /* InfoPlist.strings in Resources */ = {isa = PBXBuildFile; fileRef = F5A2DA7618093729004443AB /* InfoPlist.strings */; };
		F5A2DA7A18093729004443AB /* main.m in Sources */ = {isa = PBXBuildFile; fileRef = F5A2DA7918093729004443AB /* main.m */; };
		F5A2DA7E18093729004443AB /* AppDelegate.m in Sources */ = {isa = PBXBuildFile; fileRef = F5A2DA7D18093729004443AB /* AppDelegate.m */; };
		F5A2DA8018093729004443AB /* Default.png in Resources */ = {isa = PBXBuildFile; fileRef = F5A2DA7F18093729004443AB /* Default.png */; };
		F5A2DA8218093729004443AB /* Default@2x.png in Resources */ = {isa = PBXBuildFile; fileRef = F5A2DA8118093729004443AB /* Default@2x.png */; };
		F5A2DA8418093729004443AB /* Default-568h@2x.png in Resources */ = {isa = PBXBuildFile; fileRef = F5A2DA8318093729004443AB /* Default-568h@2x.png */; };
		F5A2DA8718093729004443AB /* ViewController.m in Sources */ = {isa = PBXBuildFile; fileRef = F5A2DA8618093729004443AB /* ViewController.m */; };
		F5A2DA8A1809372A004443AB /* ViewController.xib in Resources */ = {isa = PBXBuildFile; fileRef = F5A2DA881809372A004443AB /* ViewController.xib */; };
		F5A2DA99180940A0004443AB /* Refresh.bundle in Resources */ = {isa = PBXBuildFile; fileRef = F5A2DA98180940A0004443AB /* Refresh.bundle */; };
		F5A2DA9B180940E0004443AB /* AVFoundation.framework in Frameworks */ = {isa = PBXBuildFile; fileRef = F5A2DA9A180940E0004443AB /* AVFoundation.framework */; };
		F5A2DA9D180940E7004443AB /* AudioToolbox.framework in Frameworks */ = {isa = PBXBuildFile; fileRef = F5A2DA9C180940E7004443AB /* AudioToolbox.framework */; };
		F5A2DAA01809438E004443AB /* RefreshView.m in Sources */ = {isa = PBXBuildFile; fileRef = F5A2DA9F1809438E004443AB /* RefreshView.m */; };
/* End PBXBuildFile section */

/* Begin PBXFileReference section */
		F5A2DA6A18093729004443AB /* UtilitySDK.app */ = {isa = PBXFileReference; explicitFileType = wrapper.application; includeInIndex = 0; path = UtilitySDK.app; sourceTree = BUILT_PRODUCTS_DIR; };
		F5A2DA6D18093729004443AB /* UIKit.framework */ = {isa = PBXFileReference; lastKnownFileType = wrapper.framework; name = UIKit.framework; path = System/Library/Frameworks/UIKit.framework; sourceTree = SDKROOT; };
		F5A2DA6F18093729004443AB /* Foundation.framework */ = {isa = PBXFileReference; lastKnownFileType = wrapper.framework; name = Foundation.framework; path = System/Library/Frameworks/Foundation.framework; sourceTree = SDKROOT; };
		F5A2DA7118093729004443AB /* CoreGraphics.framework */ = {isa = PBXFileReference; lastKnownFileType = wrapper.framework; name = CoreGraphics.framework; path = System/Library/Frameworks/CoreGraphics.framework; sourceTree = SDKROOT; };
		F5A2DA7518093729004443AB /* UtilitySDK-Info.plist */ = {isa = PBXFileReference; lastKnownFileType = text.plist.xml; path = "UtilitySDK-Info.plist"; sourceTree = "<group>"; };
		F5A2DA7718093729004443AB /* en */ = {isa = PBXFileReference; lastKnownFileType = text.plist.strings; name = en; path = en.lproj/InfoPlist.strings; sourceTree = "<group>"; };
		F5A2DA7918093729004443AB /* main.m */ = {isa = PBXFileReference; lastKnownFileType = sourcecode.c.objc; path = main.m; sourceTree = "<group>"; };
		F5A2DA7B18093729004443AB /* UtilitySDK-Prefix.pch */ = {isa = PBXFileReference; lastKnownFileType = sourcecode.c.h; path = "UtilitySDK-Prefix.pch"; sourceTree = "<group>"; };
		F5A2DA7C18093729004443AB /* AppDelegate.h */ = {isa = PBXFileReference; lastKnownFileType = sourcecode.c.h; path = AppDelegate.h; sourceTree = "<group>"; };
		F5A2DA7D18093729004443AB /* AppDelegate.m */ = {isa = PBXFileReference; lastKnownFileType = sourcecode.c.objc; path = AppDelegate.m; sourceTree = "<group>"; };
		F5A2DA7F18093729004443AB /* Default.png */ = {isa = PBXFileReference; lastKnownFileType = image.png; path = Default.png; sourceTree = "<group>"; };
		F5A2DA8118093729004443AB /* Default@2x.png */ = {isa = PBXFileReference; lastKnownFileType = image.png; path = "Default@2x.png"; sourceTree = "<group>"; };
		F5A2DA8318093729004443AB /* Default-568h@2x.png */ = {isa = PBXFileReference; lastKnownFileType = image.png; path = "Default-568h@2x.png"; sourceTree = "<group>"; };
		F5A2DA8518093729004443AB /* ViewController.h */ = {isa = PBXFileReference; lastKnownFileType = sourcecode.c.h; path = ViewController.h; sourceTree = "<group>"; };
		F5A2DA8618093729004443AB /* ViewController.m */ = {isa = PBXFileReference; lastKnownFileType = sourcecode.c.objc; path = ViewController.m; sourceTree = "<group>"; };
		F5A2DA891809372A004443AB /* en */ = {isa = PBXFileReference; lastKnownFileType = file.xib; name = en; path = en.lproj/ViewController.xib; sourceTree = "<group>"; };
		F5A2DA98180940A0004443AB /* Refresh.bundle */ = {isa = PBXFileReference; lastKnownFileType = "wrapper.plug-in"; path = Refresh.bundle; sourceTree = "<group>"; };
		F5A2DA9A180940E0004443AB /* AVFoundation.framework */ = {isa = PBXFileReference; lastKnownFileType = wrapper.framework; name = AVFoundation.framework; path = System/Library/Frameworks/AVFoundation.framework; sourceTree = SDKROOT; };
		F5A2DA9C180940E7004443AB /* AudioToolbox.framework */ = {isa = PBXFileReference; lastKnownFileType = wrapper.framework; name = AudioToolbox.framework; path = System/Library/Frameworks/AudioToolbox.framework; sourceTree = SDKROOT; };
		F5A2DA9E1809438E004443AB /* RefreshView.h */ = {isa = PBXFileReference; fileEncoding = 4; lastKnownFileType = sourcecode.c.h; path = RefreshView.h; sourceTree = "<group>"; };
		F5A2DA9F1809438E004443AB /* RefreshView.m */ = {isa = PBXFileReference; fileEncoding = 4; lastKnownFileType = sourcecode.c.objc; path = RefreshView.m; sourceTree = "<group>"; };
/* End PBXFileReference section */

/* Begin PBXFrameworksBuildPhase section */
		F5A2DA6718093729004443AB /* Frameworks */ = {
			isa = PBXFrameworksBuildPhase;
			buildActionMask = 2147483647;
			files = (
				F5A2DA9D180940E7004443AB /* AudioToolbox.framework in Frameworks */,
				F5A2DA9B180940E0004443AB /* AVFoundation.framework in Frameworks */,
				F5A2DA6E18093729004443AB /* UIKit.framework in Frameworks */,
				F5A2DA7018093729004443AB /* Foundation.framework in Frameworks */,
				F5A2DA7218093729004443AB /* CoreGraphics.framework in Frameworks */,
			);
			runOnlyForDeploymentPostprocessing = 0;
		};
/* End PBXFrameworksBuildPhase section */

/* Begin PBXGroup section */
		F5A2DA6118093729004443AB = {
			isa = PBXGroup;
			children = (
				F5A2DA9018093743004443AB /* SDK */,
				F5A2DA7318093729004443AB /* UtilitySDK */,
				F5A2DA6C18093729004443AB /* Frameworks */,
				F5A2DA6B18093729004443AB /* Products */,
			);
			sourceTree = "<group>";
		};
		F5A2DA6B18093729004443AB /* Products */ = {
			isa = PBXGroup;
			children = (
				F5A2DA6A18093729004443AB /* UtilitySDK.app */,
			);
			name = Products;
			sourceTree = "<group>";
		};
		F5A2DA6C18093729004443AB /* Frameworks */ = {
			isa = PBXGroup;
			children = (
				F5A2DA9C180940E7004443AB /* AudioToolbox.framework */,
				F5A2DA9A180940E0004443AB /* AVFoundation.framework */,
				F5A2DA6D18093729004443AB /* UIKit.framework */,
				F5A2DA6F18093729004443AB /* Foundation.framework */,
				F5A2DA7118093729004443AB /* CoreGraphics.framework */,
			);
			name = Frameworks;
			sourceTree = "<group>";
		};
		F5A2DA7318093729004443AB /* UtilitySDK */ = {
			isa = PBXGroup;
			children = (
				F5A2DA7C18093729004443AB /* AppDelegate.h */,
				F5A2DA7D18093729004443AB /* AppDelegate.m */,
				F5A2DA8518093729004443AB /* ViewController.h */,
				F5A2DA8618093729004443AB /* ViewController.m */,
				F5A2DA881809372A004443AB /* ViewController.xib */,
				F5A2DA7418093729004443AB /* Supporting Files */,
			);
			path = UtilitySDK;
			sourceTree = "<group>";
		};
		F5A2DA7418093729004443AB /* Supporting Files */ = {
			isa = PBXGroup;
			children = (
				F5A2DA7518093729004443AB /* UtilitySDK-Info.plist */,
				F5A2DA7618093729004443AB /* InfoPlist.strings */,
				F5A2DA7918093729004443AB /* main.m */,
				F5A2DA7B18093729004443AB /* UtilitySDK-Prefix.pch */,
				F5A2DA7F18093729004443AB /* Default.png */,
				F5A2DA8118093729004443AB /* Default@2x.png */,
				F5A2DA8318093729004443AB /* Default-568h@2x.png */,
			);
			name = "Supporting Files";
			sourceTree = "<group>";
		};
		F5A2DA9018093743004443AB /* SDK */ = {
			isa = PBXGroup;
			children = (
				F5A2DA911809374C004443AB /* RefreshSDK */,
			);
			name = SDK;
			sourceTree = "<group>";
		};
		F5A2DA911809374C004443AB /* RefreshSDK */ = {
			isa = PBXGroup;
			children = (
				F5A2DA98180940A0004443AB /* Refresh.bundle */,
				F5A2DA9E1809438E004443AB /* RefreshView.h */,
				F5A2DA9F1809438E004443AB /* RefreshView.m */,
			);
			name = RefreshSDK;
			sourceTree = "<group>";
		};
/* End PBXGroup section */

/* Begin PBXNativeTarget section */
		F5A2DA6918093729004443AB /* UtilitySDK */ = {
			isa = PBXNativeTarget;
			buildConfigurationList = F5A2DA8D1809372A004443AB /* Build configuration list for PBXNativeTarget "UtilitySDK" */;
			buildPhases = (
				F5A2DA6618093729004443AB /* Sources */,
				F5A2DA6718093729004443AB /* Frameworks */,
				F5A2DA6818093729004443AB /* Resources */,
			);
			buildRules = (
			);
			dependencies = (
			);
			name = UtilitySDK;
			productName = UtilitySDK;
			productReference = F5A2DA6A18093729004443AB /* UtilitySDK.app */;
			productType = "com.apple.product-type.application";
		};
/* End PBXNativeTarget section */

/* Begin PBXProject section */
		F5A2DA6218093729004443AB /* Project object */ = {
			isa = PBXProject;
			attributes = {
				LastUpgradeCheck = 0460;
				ORGANIZATIONNAME = chujian;
			};
			buildConfigurationList = F5A2DA6518093729004443AB /* Build configuration list for PBXProject "UtilitySDK" */;
			compatibilityVersion = "Xcode 3.2";
			developmentRegion = English;
			hasScannedForEncodings = 0;
			knownRegions = (
				en,
			);
			mainGroup = F5A2DA6118093729004443AB;
			productRefGroup = F5A2DA6B18093729004443AB /* Products */;
			projectDirPath = "";
			projectRoot = "";
			targets = (
				F5A2DA6918093729004443AB /* UtilitySDK */,
			);
		};
/* End PBXProject section */

/* Begin PBXResourcesBuildPhase section */
		F5A2DA6818093729004443AB /* Resources */ = {
			isa = PBXResourcesBuildPhase;
			buildActionMask = 2147483647;
			files = (
				F5A2DA7818093729004443AB /* InfoPlist.strings in Resources */,
				F5A2DA8018093729004443AB /* Default.png in Resources */,
				F5A2DA8218093729004443AB /* Default@2x.png in Resources */,
				F5A2DA8418093729004443AB /* Default-568h@2x.png in Resources */,
				F5A2DA8A1809372A004443AB /* ViewController.xib in Resources */,
				F5A2DA99180940A0004443AB /* Refresh.bundle in Resources */,
			);
			runOnlyForDeploymentPostprocessing = 0;
		};
/* End PBXResourcesBuildPhase section */

/* Begin PBXSourcesBuildPhase section */
		F5A2DA6618093729004443AB /* Sources */ = {
			isa = PBXSourcesBuildPhase;
			buildActionMask = 2147483647;
			files = (
				F5A2DA7A18093729004443AB /* main.m in Sources */,
				F5A2DA7E18093729004443AB /* AppDelegate.m in Sources */,
				F5A2DA8718093729004443AB /* ViewController.m in Sources */,
				F5A2DAA01809438E004443AB /* RefreshView.m in Sources */,
			);
			runOnlyForDeploymentPostprocessing = 0;
		};
/* End PBXSourcesBuildPhase section */

/* Begin PBXVariantGroup section */
		F5A2DA7618093729004443AB /* InfoPlist.strings */ = {
			isa = PBXVariantGroup;
			children = (
				F5A2DA7718093729004443AB /* en */,
			);
			name = InfoPlist.strings;
			sourceTree = "<group>";
		};
		F5A2DA881809372A004443AB /* ViewController.xib */ = {
			isa = PBXVariantGroup;
			children = (
				F5A2DA891809372A004443AB /* en */,
			);
			name = ViewController.xib;
			sourceTree = "<group>";
		};
/* End PBXVariantGroup section */

/* Begin XCBuildConfiguration section */
		F5A2DA8B1809372A004443AB /* Debug */ = {
			isa = XCBuildConfiguration;
			buildSettings = {
				ALWAYS_SEARCH_USER_PATHS = NO;
				CLANG_CXX_LANGUAGE_STANDARD = "gnu++0x";
				CLANG_CXX_LIBRARY = "libc++";
				CLANG_WARN_CONSTANT_CONVERSION = YES;
				CLANG_WARN_EMPTY_BODY = YES;
				CLANG_WARN_ENUM_CONVERSION = YES;
				CLANG_WARN_INT_CONVERSION = YES;
				CLANG_WARN__DUPLICATE_METHOD_MATCH = YES;
				"CODE_SIGN_IDENTITY[sdk=iphoneos*]" = "iPhone Developer";
				COPY_PHASE_STRIP = NO;
				GCC_C_LANGUAGE_STANDARD = gnu99;
				GCC_DYNAMIC_NO_PIC = NO;
				GCC_OPTIMIZATION_LEVEL = 0;
				GCC_PREPROCESSOR_DEFINITIONS = (
					"DEBUG=1",
					"$(inherited)",
				);
				GCC_SYMBOLS_PRIVATE_EXTERN = NO;
				GCC_WARN_ABOUT_RETURN_TYPE = YES;
				GCC_WARN_UNINITIALIZED_AUTOS = YES;
				GCC_WARN_UNUSED_VARIABLE = YES;
				IPHONEOS_DEPLOYMENT_TARGET = 6.1;
				ONLY_ACTIVE_ARCH = YES;
				SDKROOT = iphoneos;
			};
			name = Debug;
		};
		F5A2DA8C1809372A004443AB /* Release */ = {
			isa = XCBuildConfiguration;
			buildSettings = {
				ALWAYS_SEARCH_USER_PATHS = NO;
				CLANG_CXX_LANGUAGE_STANDARD = "gnu++0x";
				CLANG_CXX_LIBRARY = "libc++";
				CLANG_WARN_CONSTANT_CONVERSION = YES;
				CLANG_WARN_EMPTY_BODY = YES;
				CLANG_WARN_ENUM_CONVERSION = YES;
				CLANG_WARN_INT_CONVERSION = YES;
				CLANG_WARN__DUPLICATE_METHOD_MATCH = YES;
				"CODE_SIGN_IDENTITY[sdk=iphoneos*]" = "iPhone Developer";
				COPY_PHASE_STRIP = YES;
				GCC_C_LANGUAGE_STANDARD = gnu99;
				GCC_WARN_ABOUT_RETURN_TYPE = YES;
				GCC_WARN_UNINITIALIZED_AUTOS = YES;
				GCC_WARN_UNUSED_VARIABLE = YES;
				IPHONEOS_DEPLOYMENT_TARGET = 6.1;
				OTHER_CFLAGS = "-DNS_BLOCK_ASSERTIONS=1";
				SDKROOT = iphoneos;
				VALIDATE_PRODUCT = YES;
			};
			name = Release;
		};
		F5A2DA8E1809372A004443AB /* Debug */ = {
			isa = XCBuildConfiguration;
			buildSettings = {
				GCC_PRECOMPILE_PREFIX_HEADER = YES;
				GCC_PREFIX_HEADER = "UtilitySDK/UtilitySDK-Prefix.pch";
				INFOPLIST_FILE = "UtilitySDK/UtilitySDK-Info.plist";
				PRODUCT_NAME = "$(TARGET_NAME)";
				WRAPPER_EXTENSION = app;
			};
			name = Debug;
		};
		F5A2DA8F1809372A004443AB /* Release */ = {
			isa = XCBuildConfiguration;
			buildSettings = {
				GCC_PRECOMPILE_PREFIX_HEADER = YES;
				GCC_PREFIX_HEADER = "UtilitySDK/UtilitySDK-Prefix.pch";
				INFOPLIST_FILE = "UtilitySDK/UtilitySDK-Info.plist";
				PRODUCT_NAME = "$(TARGET_NAME)";
				WRAPPER_EXTENSION = app;
			};
			name = Release;
		};
/* End XCBuildConfiguration section */

/* Begin XCConfigurationList section */
		F5A2DA6518093729004443AB /* Build configuration list for PBXProject "UtilitySDK" */ = {
			isa = XCConfigurationList;
			buildConfigurations = (
				F5A2DA8B1809372A004443AB /* Debug */,
				F5A2DA8C1809372A004443AB /* Release */,
			);
			defaultConfigurationIsVisible = 0;
			defaultConfigurationName = Release;
		};
		F5A2DA8D1809372A004443AB /* Build configuration list for PBXNativeTarget "UtilitySDK" */ = {
			isa = XCConfigurationList;
			buildConfigurations = (
				F5A2DA8E1809372A004443AB /* Debug */,
				F5A2DA8F1809372A004443AB /* Release */,
			);
			defaultConfigurationIsVisible = 0;
			defaultConfigurationName = Release;
		};
/* End XCConfigurationList section */
	};
	rootObject = F5A2DA6218093729004443AB /* Project object */;
}
